
Microsoft Visual Studio Solution File, Format Version 12.00
# Visual Studio 15
VisualStudioVersion = 15.0.27703.2047
MinimumVisualStudioVersion = 10.0.40219.1
Project("{FAE04EC0-301F-11D3-BF4B-00C04F79EFBC}") = "MHWsaveDecrypter", "MHWsaveDecrypter\MHWsaveDecrypter.csproj", "{1A40808E-404F-4641-9644-14598568B046}"
EndProject
Global
	GlobalSection(SolutionConfigurationPlatforms) = preSolution
		Debug|Any CPU = Debug|Any CPU
		Release|Any CPU = Release|Any CPU
	EndGlobalSection
	GlobalSection(ProjectConfigurationPlatforms) = postSolution
		{1A40808E-404F-4641-9644-14598568B046}.Debug|Any CPU.ActiveCfg = Debug|Any CPU
		{1A40808E-404F-4641-9644-14598568B046}.Debug|Any CPU.Build.0 = Debug|Any CPU
		{1A40808E-404F-4641-9644-14598568B046}.Release|Any CPU.ActiveCfg = Release|Any CPU
		{1A40808E-404F-4641-9644-14598568B046}.Release|Any CPU.Build.0 = Release|Any CPU
	EndGlobalSection
	GlobalSection(SolutionProperties) = preSolution
		HideSolutionNode = FALSE
	EndGlobalSection
	GlobalSection(ExtensibilityGlobals) = postSolution
		SolutionGuid = {8B7F31A7-6089-4724-BC8A-4C295BF4F77B}
	EndGlobalSection
EndGlobal
